{
  "name": "contact",
  "lockfileVersion": 3,
  "requires": true,
  "packages": {
    "": {
      "dependencies": {
        "signature_pad": "^4.1.6"
      }
    },
    "node_modules/signature_pad": {
      "version": "4.1.6",
      "resolved": "https://registry.npmjs.org/signature_pad/-/signature_pad-4.1.6.tgz",
      "integrity": "sha512-eoZB8qFPfCs7o00weajp5roNnE2gY2kTNjZsh805L8V+lYPagxoZi9qrBFS3A6sgbVq++ukdzgruK7tuv3JFXQ=="
    }
  }
}
